
Microsoft Visual Studio Solution File, Format Version 12.00
# Visual Studio 2013
VisualStudioVersion = 12.0.30723.0
MinimumVisualStudioVersion = 10.0.40219.1
Project("{FAE04EC0-301F-11D3-BF4B-00C04F79EFBC}") = "Mementis", "Mementis\Mementis.csproj", "{CAE5013A-A14F-4B5E-8548-4862150A7B3E}"
EndProject
Project("{8BC9CEB8-8B4A-11D0-8D11-00A0C91BC942}") = "MementisLibrary", "MementisLibrary\MementisLibrary.vcxproj", "{E5D98DD2-C3C3-4710-A848-A6F9EA543B4E}"
EndProject
Project("{8BC9CEB8-8B4A-11D0-8D11-00A0C91BC942}") = "MementisWrapper", "MementisWrapper\MementisWrapper.vcxproj", "{38E34624-E64E-4D8D-877A-5141F6903F40}"
EndProject
Global
	GlobalSection(SolutionConfigurationPlatforms) = preSolution
		Debug|Any CPU = Debug|Any CPU
		Debug|Mixed Platforms = Debug|Mixed Platforms
		Debug|Win32 = Debug|Win32
		Debug|x64 = Debug|x64
		Release|Any CPU = Release|Any CPU
		Release|Mixed Platforms = Release|Mixed Platforms
		Release|Win32 = Release|Win32
		Release|x64 = Release|x64
	EndGlobalSection
	GlobalSection(ProjectConfigurationPlatforms) = postSolution
		{CAE5013A-A14F-4B5E-8548-4862150A7B3E}.Debug|Any CPU.ActiveCfg = Debug|Any CPU
		{CAE5013A-A14F-4B5E-8548-4862150A7B3E}.Debug|Any CPU.Build.0 = Debug|Any CPU
		{CAE5013A-A14F-4B5E-8548-4862150A7B3E}.Debug|Mixed Platforms.ActiveCfg = Debug|Any CPU
		{CAE5013A-A14F-4B5E-8548-4862150A7B3E}.Debug|Mixed Platforms.Build.0 = Debug|Any CPU
		{CAE5013A-A14F-4B5E-8548-4862150A7B3E}.Debug|Win32.ActiveCfg = Debug|Any CPU
		{CAE5013A-A14F-4B5E-8548-4862150A7B3E}.Debug|x64.ActiveCfg = Debug|Any CPU
		{CAE5013A-A14F-4B5E-8548-4862150A7B3E}.Debug|x64.Build.0 = Debug|Any CPU
		{CAE5013A-A14F-4B5E-8548-4862150A7B3E}.Release|Any CPU.ActiveCfg = Release|Any CPU
		{CAE5013A-A14F-4B5E-8548-4862150A7B3E}.Release|Any CPU.Build.0 = Release|Any CPU
		{CAE5013A-A14F-4B5E-8548-4862150A7B3E}.Release|Mixed Platforms.ActiveCfg = Release|Any CPU
		{CAE5013A-A14F-4B5E-8548-4862150A7B3E}.Release|Mixed Platforms.Build.0 = Release|Any CPU
		{CAE5013A-A14F-4B5E-8548-4862150A7B3E}.Release|Win32.ActiveCfg = Release|Any CPU
		{CAE5013A-A14F-4B5E-8548-4862150A7B3E}.Release|x64.ActiveCfg = Release|Any CPU
		{CAE5013A-A14F-4B5E-8548-4862150A7B3E}.Release|x64.Build.0 = Release|Any CPU
		{E5D98DD2-C3C3-4710-A848-A6F9EA543B4E}.Debug|Any CPU.ActiveCfg = Debug|Win32
		{E5D98DD2-C3C3-4710-A848-A6F9EA543B4E}.Debug|Mixed Platforms.ActiveCfg = Debug|Win32
		{E5D98DD2-C3C3-4710-A848-A6F9EA543B4E}.Debug|Mixed Platforms.Build.0 = Debug|Win32
		{E5D98DD2-C3C3-4710-A848-A6F9EA543B4E}.Debug|Win32.ActiveCfg = Debug|Win32
		{E5D98DD2-C3C3-4710-A848-A6F9EA543B4E}.Debug|Win32.Build.0 = Debug|Win32
		{E5D98DD2-C3C3-4710-A848-A6F9EA543B4E}.Debug|x64.ActiveCfg = Debug|x64
		{E5D98DD2-C3C3-4710-A848-A6F9EA543B4E}.Debug|x64.Build.0 = Debug|x64
		{E5D98DD2-C3C3-4710-A848-A6F9EA543B4E}.Release|Any CPU.ActiveCfg = Release|Win32
		{E5D98DD2-C3C3-4710-A848-A6F9EA543B4E}.Release|Mixed Platforms.ActiveCfg = Release|Win32
		{E5D98DD2-C3C3-4710-A848-A6F9EA543B4E}.Release|Mixed Platforms.Build.0 = Release|Win32
		{E5D98DD2-C3C3-4710-A848-A6F9EA543B4E}.Release|Win32.ActiveCfg = Release|Win32
		{E5D98DD2-C3C3-4710-A848-A6F9EA543B4E}.Release|Win32.Build.0 = Release|Win32
		{E5D98DD2-C3C3-4710-A848-A6F9EA543B4E}.Release|x64.ActiveCfg = Release|Win32
		{38E34624-E64E-4D8D-877A-5141F6903F40}.Debug|Any CPU.ActiveCfg = Debug|Win32
		{38E34624-E64E-4D8D-877A-5141F6903F40}.Debug|Mixed Platforms.ActiveCfg = Debug|Win32
		{38E34624-E64E-4D8D-877A-5141F6903F40}.Debug|Mixed Platforms.Build.0 = Debug|Win32
		{38E34624-E64E-4D8D-877A-5141F6903F40}.Debug|Win32.ActiveCfg = Debug|Win32
		{38E34624-E64E-4D8D-877A-5141F6903F40}.Debug|Win32.Build.0 = Debug|Win32
		{38E34624-E64E-4D8D-877A-5141F6903F40}.Debug|x64.ActiveCfg = Debug|x64
		{38E34624-E64E-4D8D-877A-5141F6903F40}.Debug|x64.Build.0 = Debug|x64
		{38E34624-E64E-4D8D-877A-5141F6903F40}.Release|Any CPU.ActiveCfg = Release|Win32
		{38E34624-E64E-4D8D-877A-5141F6903F40}.Release|Mixed Platforms.ActiveCfg = Release|Win32
		{38E34624-E64E-4D8D-877A-5141F6903F40}.Release|Mixed Platforms.Build.0 = Release|Win32
		{38E34624-E64E-4D8D-877A-5141F6903F40}.Release|Win32.ActiveCfg = Release|Win32
		{38E34624-E64E-4D8D-877A-5141F6903F40}.Release|Win32.Build.0 = Release|Win32
		{38E34624-E64E-4D8D-877A-5141F6903F40}.Release|x64.ActiveCfg = Release|Win32
	EndGlobalSection
	GlobalSection(SolutionProperties) = preSolution
		HideSolutionNode = FALSE
	EndGlobalSection
EndGlobal
